{
  "name": "ss",
  "version": "1.0.0",
  "lockfileVersion": 1,
  "requires": true,
  "dependencies": {
    "assert-plus": {
      "version": "1.0.0",
      "resolved": "https://registry.npmjs.org/assert-plus/-/assert-plus-1.0.0.tgz",
      "integrity": "sha1-8S4PPF13sLHN2RRpQuTpbB5N1SU="
    },
    "binaryheap": {
      "version": "0.0.3",
      "resolved": "https://registry.npmjs.org/binaryheap/-/binaryheap-0.0.3.tgz",
      "integrity": "sha1-DWE2yE6fGlqQwLlxeMPgDfWYINY="
    },
    "buffercursor": {
      "version": "0.0.12",
      "resolved": "https://registry.npmjs.org/buffercursor/-/buffercursor-0.0.12.tgz",
      "integrity": "sha1-eKmn9DQ659ggqJmazIDeWR4lp3k=",
      "requires": {
        "verror": "1.10.0"
      }
    },
    "core-util-is": {
      "version": "1.0.2",
      "resolved": "https://registry.npmjs.org/core-util-is/-/core-util-is-1.0.2.tgz",
      "integrity": "sha1-tf1UIgqivFq1eqtxQMlAdUUDwac="
    },
    "extsprintf": {
      "version": "1.4.0",
      "resolved": "https://registry.npmjs.org/extsprintf/-/extsprintf-1.4.0.tgz",
      "integrity": "sha1-4mifjzVvrWLMplo6kcXfX5VRaS8="
    },
    "ipaddr.js": {
      "version": "0.1.9",
      "resolved": "https://registry.npmjs.org/ipaddr.js/-/ipaddr.js-0.1.9.tgz",
      "integrity": "sha1-qceMzBLckBDylqua7y9h9DLWnvo="
    },
    "native-dns": {
      "version": "0.7.0",
      "resolved": "https://registry.npmjs.org/native-dns/-/native-dns-0.7.0.tgz",
      "integrity": "sha1-30GGNvCPsp6Py37xQsgioViLpbc=",
      "requires": {
        "ipaddr.js": "0.1.9",
        "native-dns-cache": "0.0.2",
        "native-dns-packet": "0.1.1"
      }
    },
    "native-dns-cache": {
      "version": "0.0.2",
      "resolved": "https://registry.npmjs.org/native-dns-cache/-/native-dns-cache-0.0.2.tgz",
      "integrity": "sha1-zgmY9/32x5kJcKMxkGJLDpjulZs=",
      "requires": {
        "binaryheap": "0.0.3",
        "native-dns-packet": "0.1.1"
      }
    },
    "native-dns-packet": {
      "version": "0.1.1",
      "resolved": "https://registry.npmjs.org/native-dns-packet/-/native-dns-packet-0.1.1.tgz",
      "integrity": "sha1-l9qQVwuEOKABlHAc4k0BH9PMEJo=",
      "requires": {
        "buffercursor": "0.0.12",
        "ipaddr.js": "0.1.9"
      }
    },
    "quarry-dns": {
      "version": "0.6.2",
      "resolved": "https://registry.npmjs.org/quarry-dns/-/quarry-dns-0.6.2.tgz",
      "integrity": "sha1-S70h6TkUa63RxE/hjsmwkOUNoDc=",
      "requires": {
        "async": "https://registry.npmjs.org/async/-/async-0.9.0.tgz",
        "aws-sdk": "https://registry.npmjs.org/aws-sdk/-/aws-sdk-2.1.7.tgz",
        "body-parser": "https://registry.npmjs.org/body-parser/-/body-parser-1.10.2.tgz",
        "express": "https://registry.npmjs.org/express/-/express-4.11.1.tgz",
        "lodash": "https://registry.npmjs.org/lodash/-/lodash-2.4.1.tgz",
        "mongodb": "https://registry.npmjs.org/mongodb/-/mongodb-1.4.29.tgz",
        "native-dns": "https://registry.npmjs.org/native-dns/-/native-dns-0.7.0.tgz",
        "node-statsd": "https://registry.npmjs.org/node-statsd/-/node-statsd-0.1.1.tgz",
        "nomnom": "https://registry.npmjs.org/nomnom/-/nomnom-1.8.1.tgz",
        "redis": "https://registry.npmjs.org/redis/-/redis-0.12.1.tgz",
        "winston": "0.8.3",
        "winston-redis": "1.0.0"
      },
      "dependencies": {
        "async": {
          "version": "https://registry.npmjs.org/async/-/async-0.9.0.tgz",
          "integrity": "sha512-XQJ3MipmCHAIBBMFfu2jaSetneOrXbSyyqeU3Nod867oNOpS+i9FEms5PWgjMxSgBybRf2IVVLtr1YfrDO+okg=="
        },
        "aws-sdk": {
          "version": "https://registry.npmjs.org/aws-sdk/-/aws-sdk-2.1.7.tgz",
          "integrity": "sha512-z+EYDExSGeHgMj2rGJaHOtBN3S3z4DzeHDhb7rt9gI2Gj4sXFtmNbBuLLnNs3IvHLg8F5sHUkCiPctYEblB1qg==",
          "requires": {
            "xml2js": "https://registry.npmjs.org/xml2js/-/xml2js-0.2.6.tgz",
            "xmlbuilder": "https://registry.npmjs.org/xmlbuilder/-/xmlbuilder-0.4.2.tgz"
          },
          "dependencies": {
            "xml2js": {
              "version": "https://registry.npmjs.org/xml2js/-/xml2js-0.2.6.tgz",
              "integrity": "sha512-h+Nzgo0eLwideldZGqSquNtrsuX5zcDREImBa1GSNw9QljlXiFcM3E1kWjLprRjJe2jRuvnVk0j3WgQo9Deoog==",
              "requires": {
                "sax": "https://registry.npmjs.org/sax/-/sax-0.4.2.tgz"
              },
              "dependencies": {
                "sax": {
                  "version": "https://registry.npmjs.org/sax/-/sax-0.4.2.tgz",
                  "integrity": "sha512-6Zsl4gnHjiTQfrOzsWdc0bHJepF5KJAVuM5fcyEJrqGyszkx2c55IclWP4D692rJrl1w0tExhbvYKjKNZl5wHg=="
                }
              }
            },
            "xmlbuilder": {
              "version": "https://registry.npmjs.org/xmlbuilder/-/xmlbuilder-0.4.2.tgz",
              "integrity": "sha512-h/+ncQQSU/iYycmI2wTN25t7RYN7O2oq9uvI+2+UObi4KcmQh/jUS4N31g5vJttQt7MODsnmBtbcll3YbNyvfw=="
            }
          }
        },
        "body-parser": {
          "version": "https://registry.npmjs.org/body-parser/-/body-parser-1.10.2.tgz",
          "integrity": "sha512-jvUDKORaxvvm3A4QlCxnVVACN/xamCrif3T6Bk6f+41sWmYokg003LMCLJXgeDH63sl0WjHAfGeTEOBbzy4vqA==",
          "requires": {
            "bytes": "https://registry.npmjs.org/bytes/-/bytes-1.0.0.tgz",
            "depd": "https://registry.npmjs.org/depd/-/depd-1.0.0.tgz",
            "iconv-lite": "https://registry.npmjs.org/iconv-lite/-/iconv-lite-0.4.6.tgz",
            "media-typer": "https://registry.npmjs.org/media-typer/-/media-typer-0.3.0.tgz",
            "on-finished": "https://registry.npmjs.org/on-finished/-/on-finished-2.2.0.tgz",
            "qs": "https://registry.npmjs.org/qs/-/qs-2.3.3.tgz",
            "raw-body": "https://registry.npmjs.org/raw-body/-/raw-body-1.3.2.tgz",
            "type-is": "https://registry.npmjs.org/type-is/-/type-is-1.5.5.tgz"
          },
          "dependencies": {
            "bytes": {
              "version": "https://registry.npmjs.org/bytes/-/bytes-1.0.0.tgz",
              "integrity": "sha512-/x68VkHLeTl3/Ll8IvxdwzhrT+IyKc52e/oyHhA2RwqPqswSnjVbSddfPRwAsJtbilMAPSRWwAlpxdYsSWOTKQ=="
            },
            "depd": {
              "version": "https://registry.npmjs.org/depd/-/depd-1.0.0.tgz",
              "integrity": "sha512-Ry9z2Ea+WtRc+D8lzx+ihjJ9FTZP4azT7TPRsZXi+wUfvWc8vKZYESAFf6UmqO1SK/eiKV2En/TgWRonMNF82A=="
            },
            "iconv-lite": {
              "version": "https://registry.npmjs.org/iconv-lite/-/iconv-lite-0.4.6.tgz",
              "integrity": "sha512-aop+f6/kQEnzTfi6Rv8KLQMt1bY8/0bFTS5oSiYnwXlCH6eI/gJzL+rGjTwsA7soKCcq/hkeDySFC7PwBELX2w=="
            },
            "media-typer": {
              "version": "https://registry.npmjs.org/media-typer/-/media-typer-0.3.0.tgz",
              "integrity": "sha512-dq+qelQ9akHpcOl/gUVRTxVIOkAJ1wR3QAvb4RsVjS8oVoFjDGTc679wJYmUmknUF5HwMLOgb5O+a3KxfWapPQ=="
            },
            "on-finished": {
              "version": "https://registry.npmjs.org/on-finished/-/on-finished-2.2.0.tgz",
              "integrity": "sha512-BqYzuII3QaxNzOE7ZbFf1z11E6vyo1pkRZ0iGJ3tHj+IbzLLeXXNGMGyauk2f9VaiGEFAKvlcIeMdlvD36OHLQ==",
              "requires": {
                "ee-first": "1.1.0"
              },
              "dependencies": {
                "ee-first": {
                  "version": "1.1.0",
                  "resolved": "https://registry.npmjs.org/ee-first/-/ee-first-1.1.0.tgz",
                  "integrity": "sha1-ag18YiHkkP7v2S7D9EHJzozQl/Q="
                }
              }
            },
            "qs": {
              "version": "https://registry.npmjs.org/qs/-/qs-2.3.3.tgz",
              "integrity": "sha512-f5M0HQqZWkzU8GELTY8LyMrGkr3bPjKoFtTkwUEqJQbcljbeK8M7mliP9Ia2xoOI6oMerp+QPS7oYJtpGmWe/A=="
            },
            "raw-body": {
              "version": "https://registry.npmjs.org/raw-body/-/raw-body-1.3.2.tgz",
              "integrity": "sha512-mo8/xcztEzTWt6oNV48j4fDf+YyLUEGhO+tZ1XUvlya1XV4yR343PtP6a/1ozJmVMUoEMB0YcNpBuF3o5t8csA==",
              "requires": {
                "bytes": "https://registry.npmjs.org/bytes/-/bytes-1.0.0.tgz",
                "iconv-lite": "https://registry.npmjs.org/iconv-lite/-/iconv-lite-0.4.6.tgz"
              }
            },
            "type-is": {
              "version": "https://registry.npmjs.org/type-is/-/type-is-1.5.5.tgz",
              "integrity": "sha512-7SoYw4Iv8n47nT6loTary+9S8c4twzxJzEX3cYiYZLdSCfnrAwTbb+9RYpaNAU7eUekwOivpNt79LuzUEi4BtQ==",
              "requires": {
                "media-typer": "https://registry.npmjs.org/media-typer/-/media-typer-0.3.0.tgz",
                "mime-types": "https://registry.npmjs.org/mime-types/-/mime-types-2.0.7.tgz"
              },
              "dependencies": {
                "mime-types": {
                  "version": "https://registry.npmjs.org/mime-types/-/mime-types-2.0.7.tgz",
                  "integrity": "sha512-vBZyuPcgzFDeTz1nWiY/X4RKKPxgf+VsrygiGo5azqz3P5teR3JDbSlGGWzn9Bu0jSMcaRFH+x15bgiaIq5RvQ==",
                  "requires": {
                    "mime-db": "https://registry.npmjs.org/mime-db/-/mime-db-1.5.0.tgz"
                  },
                  "dependencies": {
                    "mime-db": {
                      "version": "https://registry.npmjs.org/mime-db/-/mime-db-1.5.0.tgz",
                      "integrity": "sha512-3xQBpzQiUm7Xkdkb+86e7tR0LGclaeVogP6Q0HDogEOefew60Iklx7sJx+jFooaoBDFNMJElkhJ8qzB/i6cVXg=="
                    }
                  }
                }
              }
            }
          }
        },
        "express": {
          "version": "https://registry.npmjs.org/express/-/express-4.11.1.tgz",
          "integrity": "sha512-8QjOxh+sIMSsittO0ehligYjRyDCBcAFojue9PTRBj3srR6dBHr81hUz7C0U2gRv8shvE18Khu8gUb5rWJ+FRA==",
          "requires": {
            "accepts": "https://registry.npmjs.org/accepts/-/accepts-1.2.2.tgz",
            "content-disposition": "https://registry.npmjs.org/content-disposition/-/content-disposition-0.5.0.tgz",
            "cookie": "https://registry.npmjs.org/cookie/-/cookie-0.1.2.tgz",
            "cookie-signature": "https://registry.npmjs.org/cookie-signature/-/cookie-signature-1.0.5.tgz",
            "debug": "https://registry.npmjs.org/debug/-/debug-2.1.1.tgz",
            "depd": "https://registry.npmjs.org/depd/-/depd-1.0.0.tgz",
            "escape-html": "https://registry.npmjs.org/escape-html/-/escape-html-1.0.1.tgz",
            "etag": "https://registry.npmjs.org/etag/-/etag-1.5.1.tgz",
            "finalhandler": "https://registry.npmjs.org/finalhandler/-/finalhandler-0.3.3.tgz",
            "fresh": "https://registry.npmjs.org/fresh/-/fresh-0.2.4.tgz",
            "media-typer": "https://registry.npmjs.org/media-typer/-/media-typer-0.3.0.tgz",
            "merge-descriptors": "https://registry.npmjs.org/merge-descriptors/-/merge-descriptors-0.0.2.tgz",
            "methods": "https://registry.npmjs.org/methods/-/methods-1.1.1.tgz",
            "on-finished": "https://registry.npmjs.org/on-finished/-/on-finished-2.2.0.tgz",
            "parseurl": "https://registry.npmjs.org/parseurl/-/parseurl-1.3.0.tgz",
            "path-to-regexp": "https://registry.npmjs.org/path-to-regexp/-/path-to-regexp-0.1.3.tgz",
            "proxy-addr": "https://registry.npmjs.org/proxy-addr/-/proxy-addr-1.0.5.tgz",
            "qs": "https://registry.npmjs.org/qs/-/qs-2.3.3.tgz",
            "range-parser": "https://registry.npmjs.org/range-parser/-/range-parser-1.0.2.tgz",
            "send": "https://registry.npmjs.org/send/-/send-0.11.1.tgz",
            "serve-static": "https://registry.npmjs.org/serve-static/-/serve-static-1.8.1.tgz",
            "type-is": "https://registry.npmjs.org/type-is/-/type-is-1.5.5.tgz",
            "utils-merge": "https://registry.npmjs.org/utils-merge/-/utils-merge-1.0.0.tgz",
            "vary": "https://registry.npmjs.org/vary/-/vary-1.0.0.tgz"
          },
          "dependencies": {
            "accepts": {
              "version": "https://registry.npmjs.org/accepts/-/accepts-1.2.2.tgz",
              "integrity": "sha512-Ws+h5jNgCMZHdqtbBxu7WBwR3dkah4RnBRJmrNAOE0aMESzjIysQyh9OIBANw3DZI2wu0zduVPrFzA0Q9srRFA==",
              "requires": {
                "mime-types": "https://registry.npmjs.org/mime-types/-/mime-types-2.0.7.tgz",
                "negotiator": "https://registry.npmjs.org/negotiator/-/negotiator-0.5.0.tgz"
              },
              "dependencies": {
                "mime-types": {
                  "version": "https://registry.npmjs.org/mime-types/-/mime-types-2.0.7.tgz",
                  "integrity": "sha512-vBZyuPcgzFDeTz1nWiY/X4RKKPxgf+VsrygiGo5azqz3P5teR3JDbSlGGWzn9Bu0jSMcaRFH+x15bgiaIq5RvQ==",
                  "requires": {
                    "mime-db": "https://registry.npmjs.org/mime-db/-/mime-db-1.5.0.tgz"
                  },
                  "dependencies": {
                    "mime-db": {
                      "version": "https://registry.npmjs.org/mime-db/-/mime-db-1.5.0.tgz",
                      "integrity": "sha512-3xQBpzQiUm7Xkdkb+86e7tR0LGclaeVogP6Q0HDogEOefew60Iklx7sJx+jFooaoBDFNMJElkhJ8qzB/i6cVXg=="
                    }
                  }
                },
                "negotiator": {
                  "version": "https://registry.npmjs.org/negotiator/-/negotiator-0.5.0.tgz",
                  "integrity": "sha512-RL4h5E+d0CKh/+JJkBlXdqxVFfmz49JCYgNa8kfy8Z/I0n36zZIbD8Renw3tvmZxYpNwTp2/MyUg6dMBwMg4pQ=="
                }
              }
            },
            "content-disposition": {
              "version": "https://registry.npmjs.org/content-disposition/-/content-disposition-0.5.0.tgz",
              "integrity": "sha512-PWzG8GssMHTPSLBoOeK5MvPPJeWU5ZVX8omvJC16BUH/nUX6J/jM/hgm/mrPWzTXVV3B3OoBhFdHXyGLU4TgUw=="
            },
            "cookie": {
              "version": "https://registry.npmjs.org/cookie/-/cookie-0.1.2.tgz",
              "integrity": "sha512-+mHmWbhevLwkiBf7QcbZXHr0v4ZQQ/OgHk3fsQHrsMMiGzuvAmU/YMUR+ZfrO/BLAGIWFfx2Z7Oyso0tZR/wiA=="
            },
            "cookie-signature": {
              "version": "https://registry.npmjs.org/cookie-signature/-/cookie-signature-1.0.5.tgz",
              "integrity": "sha512-Ym05XFKVD+EOB43QU3ovI/KvqFo5MP4BGsH+SkAMn2mdjLj2W4bOSyNsw1Ik1gI7CyDtR9Ae2TUFHexgaiEuZg=="
            },
            "debug": {
              "version": "https://registry.npmjs.org/debug/-/debug-2.1.1.tgz",
              "integrity": "sha512-DO4Epp+gc7PHrK3cZSYzASfIbTK0bMRs78/Bkjnu+sfSPxEbh/b2qcl27EKRYSK73W6Ju4QfaNHz5fnLXQKEhg==",
              "requires": {
                "ms": "https://registry.npmjs.org/ms/-/ms-0.6.2.tgz"
              },
              "dependencies": {
                "ms": {
                  "version": "https://registry.npmjs.org/ms/-/ms-0.6.2.tgz",
                  "integrity": "sha512-/pc3eh7TWorTtbvXg8je4GvrvEqCfH7PA3P7iW01yL2E53FKixzgMBaQi0NOPbMJqY34cBSvR0tZtmlTkdUG4A=="
                }
              }
            },
            "depd": {
              "version": "https://registry.npmjs.org/depd/-/depd-1.0.0.tgz",
              "integrity": "sha512-Ry9z2Ea+WtRc+D8lzx+ihjJ9FTZP4azT7TPRsZXi+wUfvWc8vKZYESAFf6UmqO1SK/eiKV2En/TgWRonMNF82A=="
            },
            "escape-html": {
              "version": "https://registry.npmjs.org/escape-html/-/escape-html-1.0.1.tgz",
              "integrity": "sha512-z6kAnok8fqVTra7Yu77dZF2Y6ETJlxH58wN38wNyuNQLm8xXdKnfNrlSmfXsTePWP03rRVUKHubtUwanwUi7+g=="
            },
            "etag": {
              "version": "https://registry.npmjs.org/etag/-/etag-1.5.1.tgz",
              "integrity": "sha512-Y+bhHICnjqZeY4I1kHDwvWTN0VcrI3ucWNbtofd0LLarRKEK8DkAL0uBdl3HCmf1HMjyrmgC/kqj+zXG5mYe7A==",
              "requires": {
                "crc": "https://registry.npmjs.org/crc/-/crc-3.2.1.tgz"
              },
              "dependencies": {
                "crc": {
                  "version": "https://registry.npmjs.org/crc/-/crc-3.2.1.tgz",
                  "integrity": "sha512-H21TaZQyic++ilBStWHntVpS2STWO37tzE0w0P5iAY1ntaPVtlZ3E6FcwltyZa6MYrEbKMxjEwXh3fBHlW8Qqw=="
                }
              }
            },
            "finalhandler": {
              "version": "https://registry.npmjs.org/finalhandler/-/finalhandler-0.3.3.tgz",
              "integrity": "sha512-2Os1f3WIa2papf/sQ10h3NKjI+iadgTUIb2MfIUFcKFZgRSmQtBbYdhKct9wkWjoJA6+zIgIMDFtk4Fd0qKhdg==",
              "requires": {
                "debug": "https://registry.npmjs.org/debug/-/debug-2.1.1.tgz",
                "escape-html": "https://registry.npmjs.org/escape-html/-/escape-html-1.0.1.tgz",
                "on-finished": "https://registry.npmjs.org/on-finished/-/on-finished-2.2.0.tgz"
              }
            },
            "fresh": {
              "version": "https://registry.npmjs.org/fresh/-/fresh-0.2.4.tgz",
              "integrity": "sha512-mnBGgIFRNu54GtbkXy6+QKPYW/b5joAURorA8ELeJc/5BBNph6Go1NmHa9dt08ghFnhGuLenrUmNO8Za1CwEUQ=="
            },
            "media-typer": {
              "version": "https://registry.npmjs.org/media-typer/-/media-typer-0.3.0.tgz",
              "integrity": "sha512-dq+qelQ9akHpcOl/gUVRTxVIOkAJ1wR3QAvb4RsVjS8oVoFjDGTc679wJYmUmknUF5HwMLOgb5O+a3KxfWapPQ=="
            },
            "merge-descriptors": {
              "version": "https://registry.npmjs.org/merge-descriptors/-/merge-descriptors-0.0.2.tgz",
              "integrity": "sha512-dYBT4Ep+t/qnPeJcnMymmhTdd4g8/hn48ciaDqLAkfRf8abzLPS6Rb6EBdz5CZCL8tzZuI5ps9MhGQGxk+EuKg=="
            },
            "methods": {
              "version": "https://registry.npmjs.org/methods/-/methods-1.1.1.tgz",
              "integrity": "sha512-jokk6GTgwlNnUGTSh6AjRRHwnQkDRC8tj39+zfzfZTDQURIOao9qiCO7o5r7fmog3I1MD6doJf71NmknZNoxdA=="
            },
            "on-finished": {
              "version": "https://registry.npmjs.org/on-finished/-/on-finished-2.2.0.tgz",
              "integrity": "sha512-BqYzuII3QaxNzOE7ZbFf1z11E6vyo1pkRZ0iGJ3tHj+IbzLLeXXNGMGyauk2f9VaiGEFAKvlcIeMdlvD36OHLQ==",
              "requires": {
                "ee-first": "1.1.0"
              },
              "dependencies": {
                "ee-first": {
                  "version": "1.1.0",
                  "resolved": "https://registry.npmjs.org/ee-first/-/ee-first-1.1.0.tgz",
                  "integrity": "sha1-ag18YiHkkP7v2S7D9EHJzozQl/Q="
                }
              }
            },
            "parseurl": {
              "version": "https://registry.npmjs.org/parseurl/-/parseurl-1.3.0.tgz",
              "integrity": "sha512-oaGcJaIYvi6cfYe4Sgg8aUJGKVfYBIhWQ2FtY00c+XjtCFs6gskGq1ncoezmCjhOoJ/+RAxGQ/oqN5+3/9p0mg=="
            },
            "path-to-regexp": {
              "version": "https://registry.npmjs.org/path-to-regexp/-/path-to-regexp-0.1.3.tgz",
              "integrity": "sha512-sd4vSOW+DCM6A5aRICI1CWaC7nufnzVpZfuh5T0VXshxxzFWuaFcvqKovAFLNGReOc+uZRptpcpPmn7CDvzLuA=="
            },
            "proxy-addr": {
              "version": "https://registry.npmjs.org/proxy-addr/-/proxy-addr-1.0.5.tgz",
              "integrity": "sha512-0LgR6ijhrduw3LYAxslq4y3Di03TROao+NuzUve4PTDWn7OhfwPHgDcg3wpz2zg8gjAVfVer9SREUkU1U4Xzsw==",
              "requires": {
                "forwarded": "https://registry.npmjs.org/forwarded/-/forwarded-0.1.0.tgz",
                "ipaddr.js": "https://registry.npmjs.org/ipaddr.js/-/ipaddr.js-0.1.6.tgz"
              },
              "dependencies": {
                "forwarded": {
                  "version": "https://registry.npmjs.org/forwarded/-/forwarded-0.1.0.tgz",
                  "integrity": "sha512-h17abE+9l03GtF7H+Tdf/exIbFnOgiOieYrtBfleXuDTU3jGncrv4oLOIuXnFPveDuQPd9kd3MGkhKaMGoQwOA=="
                },
                "ipaddr.js": {
                  "version": "https://registry.npmjs.org/ipaddr.js/-/ipaddr.js-0.1.6.tgz",
                  "integrity": "sha512-avul71onfwuyssP7kPP7g8/ORmngf9xzi5V46oNAqbdYWUS822vly/eJq32KtWLlohIfnoI/z1catcnCLNaDFQ=="
                }
              }
            },
            "qs": {
              "version": "https://registry.npmjs.org/qs/-/qs-2.3.3.tgz",
              "integrity": "sha512-f5M0HQqZWkzU8GELTY8LyMrGkr3bPjKoFtTkwUEqJQbcljbeK8M7mliP9Ia2xoOI6oMerp+QPS7oYJtpGmWe/A=="
            },
            "range-parser": {
              "version": "https://registry.npmjs.org/range-parser/-/range-parser-1.0.2.tgz",
              "integrity": "sha512-jFJ4/7R56zPTiBtje6f0Zyzh0ippWiAeSzpOFRjqVeXVat15mVJkpn4Oo76r64JPGJVH6RmSLbxCvOh7ysijzA=="
            },
            "send": {
              "version": "https://registry.npmjs.org/send/-/send-0.11.1.tgz",
              "integrity": "sha512-OeD0vwGXsQpyrdGganLdZRYOZFOM5Acb99nloxNcx7ECJfqB4XUGUfFNE12/TU1VwpJnCUt1XFIT02prFFHdzg==",
              "requires": {
                "debug": "https://registry.npmjs.org/debug/-/debug-2.1.1.tgz",
                "depd": "https://registry.npmjs.org/depd/-/depd-1.0.0.tgz",
                "destroy": "https://registry.npmjs.org/destroy/-/destroy-1.0.3.tgz",
                "escape-html": "https://registry.npmjs.org/escape-html/-/escape-html-1.0.1.tgz",
                "etag": "https://registry.npmjs.org/etag/-/etag-1.5.1.tgz",
                "fresh": "https://registry.npmjs.org/fresh/-/fresh-0.2.4.tgz",
                "mime": "https://registry.npmjs.org/mime/-/mime-1.2.11.tgz",
                "ms": "https://registry.npmjs.org/ms/-/ms-0.7.0.tgz",
                "on-finished": "https://registry.npmjs.org/on-finished/-/on-finished-2.2.0.tgz",
                "range-parser": "https://registry.npmjs.org/range-parser/-/range-parser-1.0.2.tgz"
              },
              "dependencies": {
                "destroy": {
                  "version": "https://registry.npmjs.org/destroy/-/destroy-1.0.3.tgz",
                  "integrity": "sha512-KB/AVLKRwZPOEo6/lxkDJ+Bv3jFRRrhmnRMPvpWwmIfUggpzGkQBqolyo8FRf833b/F5rzmy1uVN3fHBkjTxgw=="
                },
                "mime": {
                  "version": "https://registry.npmjs.org/mime/-/mime-1.2.11.tgz",
                  "integrity": "sha512-Ysa2F/nqTNGHhhm9MV8ure4+Hc+Y8AWiqUdHxsO7xu8zc92ND9f3kpALHjaP026Ft17UfxrMt95c50PLUeynBw=="
                },
                "ms": {
                  "version": "https://registry.npmjs.org/ms/-/ms-0.7.0.tgz",
                  "integrity": "sha512-YmuMMkfOZzzAftlHwiQxFepJx/5rDaYi9o9QanyBCk485BRAyM/vB9XoYlZvglxE/pmAWOiQgrdoE10watiK9w=="
                }
              }
            },
            "serve-static": {
              "version": "https://registry.npmjs.org/serve-static/-/serve-static-1.8.1.tgz",
              "integrity": "sha512-6VxXIbQ64SVDQ+tcPHuibd5NUI23jRY0BQhafagbv1wahH5LDslYIpJtYl/KQrRSu1U7ax54+gWFm9yrxqLBiw==",
              "requires": {
                "escape-html": "https://registry.npmjs.org/escape-html/-/escape-html-1.0.1.tgz",
                "parseurl": "https://registry.npmjs.org/parseurl/-/parseurl-1.3.0.tgz",
                "send": "https://registry.npmjs.org/send/-/send-0.11.1.tgz",
                "utils-merge": "https://registry.npmjs.org/utils-merge/-/utils-merge-1.0.0.tgz"
              }
            },
            "type-is": {
              "version": "https://registry.npmjs.org/type-is/-/type-is-1.5.5.tgz",
              "integrity": "sha512-7SoYw4Iv8n47nT6loTary+9S8c4twzxJzEX3cYiYZLdSCfnrAwTbb+9RYpaNAU7eUekwOivpNt79LuzUEi4BtQ==",
              "requires": {
                "media-typer": "https://registry.npmjs.org/media-typer/-/media-typer-0.3.0.tgz",
                "mime-types": "https://registry.npmjs.org/mime-types/-/mime-types-2.0.7.tgz"
              },
              "dependencies": {
                "mime-types": {
                  "version": "https://registry.npmjs.org/mime-types/-/mime-types-2.0.7.tgz",
                  "integrity": "sha512-vBZyuPcgzFDeTz1nWiY/X4RKKPxgf+VsrygiGo5azqz3P5teR3JDbSlGGWzn9Bu0jSMcaRFH+x15bgiaIq5RvQ==",
                  "requires": {
                    "mime-db": "https://registry.npmjs.org/mime-db/-/mime-db-1.5.0.tgz"
                  },
                  "dependencies": {
                    "mime-db": {
                      "version": "https://registry.npmjs.org/mime-db/-/mime-db-1.5.0.tgz",
                      "integrity": "sha512-3xQBpzQiUm7Xkdkb+86e7tR0LGclaeVogP6Q0HDogEOefew60Iklx7sJx+jFooaoBDFNMJElkhJ8qzB/i6cVXg=="
                    }
                  }
                }
              }
            },
            "utils-merge": {
              "version": "https://registry.npmjs.org/utils-merge/-/utils-merge-1.0.0.tgz",
              "integrity": "sha512-HwU9SLQEtyo+0uoKXd1nkLqigUWLB+QuNQR4OcmB73eWqksM5ovuqcycks2x043W8XVb75rG1HQ0h93TMXkzQQ=="
            },
            "vary": {
              "version": "https://registry.npmjs.org/vary/-/vary-1.0.0.tgz",
              "integrity": "sha512-jyU3YP3IiUHjpoy3ZC83R+cxWPJWV2c6cKvNl6xvdMNvdjP507SuRm74niIaHfvsqAk5J9j9xa9ejWSxsHNIrg=="
            }
          }
        },
        "lodash": {
          "version": "https://registry.npmjs.org/lodash/-/lodash-2.4.1.tgz",
          "integrity": "sha512-qa6QqjA9jJB4AYw+NpD2GI4dzHL6Mv0hL+By6iIul4Ce0C1refrjZJmcGvWdnLUwl4LIPtvzje3UQfGH+nCEsQ=="
        },
        "mongodb": {
          "version": "https://registry.npmjs.org/mongodb/-/mongodb-1.4.29.tgz",
          "integrity": "sha512-/EXRxOmyE6IpqcovGjhnZDMzCuzghEhOSHffM8lQnTs9+2wcJ71bSXzVBo06A/9SwP6Q7sV20A6H4iYdyDoBFQ==",
          "requires": {
            "bson": "https://registry.npmjs.org/bson/-/bson-0.2.18.tgz",
            "kerberos": "https://registry.npmjs.org/kerberos/-/kerberos-0.0.8.tgz",
            "readable-stream": "https://registry.npmjs.org/readable-stream/-/readable-stream-1.0.33.tgz"
          },
          "dependencies": {
            "bson": {
              "version": "https://registry.npmjs.org/bson/-/bson-0.2.18.tgz",
              "integrity": "sha512-TqMsyN5C7sAi3epDqna+BHQ16MhgQFLLSKEDveNeEs7zD0MiTYSHXmnCr2RIpwIH1+6nYlDXXqHyzM9CD/Z6Yw==",
              "requires": {
                "nan": "https://registry.npmjs.org/nan/-/nan-1.5.1.tgz"
              },
              "dependencies": {
                "nan": {
                  "version": "https://registry.npmjs.org/nan/-/nan-1.5.1.tgz",
                  "integrity": "sha512-c1qKzRC0PDlKysux3nZ5FIpBi88+k5ob6/HOk/XUMzjBKXpI7749zLmFCEdu/jAaKp8GZjyieaNzLeW4cuYNRg=="
                }
              }
            },
            "kerberos": {
              "version": "https://registry.npmjs.org/kerberos/-/kerberos-0.0.8.tgz",
              "integrity": "sha512-MryjxxCm8C5KrIyjfxyO1YEj9ob2rJxDR6KQ+SukcAG/SNxXTbdRoxAcM99V8IedvoxrNLr9XhMstoH8DVkqPg==",
              "optional": true,
              "requires": {
                "nan": "https://registry.npmjs.org/nan/-/nan-1.5.1.tgz"
              },
              "dependencies": {
                "nan": {
                  "version": "https://registry.npmjs.org/nan/-/nan-1.5.1.tgz",
                  "integrity": "sha512-c1qKzRC0PDlKysux3nZ5FIpBi88+k5ob6/HOk/XUMzjBKXpI7749zLmFCEdu/jAaKp8GZjyieaNzLeW4cuYNRg==",
                  "optional": true
                }
              }
            },
            "readable-stream": {
              "version": "https://registry.npmjs.org/readable-stream/-/readable-stream-1.0.33.tgz",
              "integrity": "sha512-72KxhcKi8bAvHP/cyyWSP+ODS5ef0DIRs0OzrhGXw31q41f19aoELCbvd42FjhpyEDxQMRiiC5rq9rfE5PzTqg==",
              "optional": true,
              "requires": {
                "core-util-is": "https://registry.npmjs.org/core-util-is/-/core-util-is-1.0.1.tgz",
                "inherits": "https://registry.npmjs.org/inherits/-/inherits-2.0.1.tgz",
                "isarray": "https://registry.npmjs.org/isarray/-/isarray-0.0.1.tgz",
                "string_decoder": "https://registry.npmjs.org/string_decoder/-/string_decoder-0.10.31.tgz"
              },
              "dependencies": {
                "core-util-is": {
                  "version": "https://registry.npmjs.org/core-util-is/-/core-util-is-1.0.1.tgz",
                  "integrity": "sha512-fyj6blBb339ReZvm1g6NHGVI/q7THT6UJb1GVDMVxRvGb2v9J1xazqnfQ10wrChRH6tpxJLY/eUmFH0+gANIRA==",
                  "optional": true
                },
                "inherits": {
                  "version": "https://registry.npmjs.org/inherits/-/inherits-2.0.1.tgz",
                  "integrity": "sha512-8nWq2nLTAwd02jTqJExUYFSD/fKq6VH9Y/oG2accc/kdI0V98Bag8d5a4gi3XHz73rDWa2PvTtvcWYquKqSENA==",
                  "optional": true
                },
                "isarray": {
                  "version": "https://registry.npmjs.org/isarray/-/isarray-0.0.1.tgz",
                  "integrity": "sha512-D2S+3GLxWH+uhrNEcoh/fnmYeP8E8/zHl644d/jdA0g2uyXvy3sb0qxotE+ne0LtccHknQzWwZEzhak7oJ0COQ==",
                  "optional": true
                },
                "string_decoder": {
                  "version": "https://registry.npmjs.org/string_decoder/-/string_decoder-0.10.31.tgz",
                  "integrity": "sha512-ev2QzSzWPYmy9GuqfIVildA4OdcGLeFZQrq5ys6RtiuF+RQQiZWr8TZNyAcuVXyQRYfEO+MsoB/1BuQVhOJuoQ==",
                  "optional": true
                }
              }
            }
          }
        },
        "native-dns": {
          "version": "https://registry.npmjs.org/native-dns/-/native-dns-0.7.0.tgz",
          "integrity": "sha512-tqpWBqpfeCgjdl3fMuKH0wXTGa9eQtT28H910QHZ1TRMK0pAdet8/LS6xRA5fNfO33u3JYcnc5wggWuHLnb5GQ==",
          "requires": {
            "ipaddr.js": "https://registry.npmjs.org/ipaddr.js/-/ipaddr.js-0.1.6.tgz",
            "native-dns-cache": "https://registry.npmjs.org/native-dns-cache/-/native-dns-cache-0.0.2.tgz",
            "native-dns-packet": "https://registry.npmjs.org/native-dns-packet/-/native-dns-packet-0.1.1.tgz"
          },
          "dependencies": {
            "ipaddr.js": {
              "version": "https://registry.npmjs.org/ipaddr.js/-/ipaddr.js-0.1.6.tgz",
              "integrity": "sha512-avul71onfwuyssP7kPP7g8/ORmngf9xzi5V46oNAqbdYWUS822vly/eJq32KtWLlohIfnoI/z1catcnCLNaDFQ=="
            },
            "native-dns-cache": {
              "version": "https://registry.npmjs.org/native-dns-cache/-/native-dns-cache-0.0.2.tgz",
              "integrity": "sha512-09HXHdb/updxfigaFbR53F8nCKqxM8WuHfTWBsusVlwSSZZ3qwWRdD6Kx2x8HBI1Q5IaycwcJOvBoXZWJNfVEg==",
              "requires": {
                "binaryheap": "https://registry.npmjs.org/binaryheap/-/binaryheap-0.0.3.tgz",
                "native-dns-packet": "https://registry.npmjs.org/native-dns-packet/-/native-dns-packet-0.1.1.tgz"
              },
              "dependencies": {
                "binaryheap": {
                  "version": "https://registry.npmjs.org/binaryheap/-/binaryheap-0.0.3.tgz",
                  "integrity": "sha512-9JFb4Yt5R9FZwbJaxOayF+T5sxn5eiU2NA9/LOeI1g2FUFRTdxpdmWppikO4O5AbNze8s0sL6ZuFxB1y4Ay8GA=="
                }
              }
            },
            "native-dns-packet": {
              "version": "https://registry.npmjs.org/native-dns-packet/-/native-dns-packet-0.1.1.tgz",
              "integrity": "sha512-j1XxnFFTUB7mujma468WyAOmyVtkuuLTelxJF13tSTIPO56X7bHALrG0G4jFQnvyTPCt4VnFiZezWpfKbaHc+g==",
              "requires": {
                "buffercursor": "https://registry.npmjs.org/buffercursor/-/buffercursor-0.0.12.tgz",
                "ipaddr.js": "https://registry.npmjs.org/ipaddr.js/-/ipaddr.js-0.1.6.tgz"
              },
              "dependencies": {
                "buffercursor": {
                  "version": "https://registry.npmjs.org/buffercursor/-/buffercursor-0.0.12.tgz",
                  "integrity": "sha512-Z+6Jm/eW6ITeqcFQKVXX7LYIGk7rENqCKHJ4CbWfJMeLpQZJj1v70WehkLmp+1kFN/QyCgpQ3Z0dKUHAwSbf9w==",
                  "requires": {
                    "verror": "https://registry.npmjs.org/verror/-/verror-1.6.0.tgz"
                  },
                  "dependencies": {
                    "verror": {
                      "version": "https://registry.npmjs.org/verror/-/verror-1.6.0.tgz",
                      "integrity": "sha512-bIOaZx4+Bf6a7sIORfmYnyKLDLk/lhVym6rjYlq+vkitYKnhFmUpmPpDTCltWFrUTlGKs6sCeoDWfMA0oOOneA==",
                      "requires": {
                        "extsprintf": "https://registry.npmjs.org/extsprintf/-/extsprintf-1.2.0.tgz"
                      },
                      "dependencies": {
                        "extsprintf": {
                          "version": "https://registry.npmjs.org/extsprintf/-/extsprintf-1.2.0.tgz",
                          "integrity": "sha512-T3PYC6HucmF4OfunfZb5d1nRvTSvWYhsr/Og33HANcCuCtGPUtWVyt/tTs8SU9sR0SGh5Z/xQCuX/D72ph2H+A=="
                        }
                      }
                    }
                  }
                }
              }
            }
          }
        },
        "node-statsd": {
          "version": "https://registry.npmjs.org/node-statsd/-/node-statsd-0.1.1.tgz",
          "integrity": "sha512-QDf6R8VXF56QVe1boek8an/Rb3rSNaxoFWb7Elpsv2m1+Noua1yy0F1FpKpK5VluF8oymWM4w764A4KsYL4pDg=="
        },
        "nomnom": {
          "version": "https://registry.npmjs.org/nomnom/-/nomnom-1.8.1.tgz",
          "integrity": "sha512-5s0JxqhDx9/rksG2BTMVN1enjWSvPidpoSgViZU4ZXULyTe+7jxcCRLB6f42Z0l1xYJpleCBtSyY6Lwg3uu5CQ==",
          "requires": {
            "chalk": "https://registry.npmjs.org/chalk/-/chalk-0.4.0.tgz",
            "underscore": "https://registry.npmjs.org/underscore/-/underscore-1.6.0.tgz"
          },
          "dependencies": {
            "chalk": {
              "version": "https://registry.npmjs.org/chalk/-/chalk-0.4.0.tgz",
              "integrity": "sha512-sQfYDlfv2DGVtjdoQqxS0cEZDroyG8h6TamA6rvxwlrU5BaSLDx9xhatBYl2pxZ7gmpNaPFVwBtdGdu5rQ+tYQ==",
              "requires": {
                "ansi-styles": "https://registry.npmjs.org/ansi-styles/-/ansi-styles-1.0.0.tgz",
                "has-color": "https://registry.npmjs.org/has-color/-/has-color-0.1.7.tgz",
                "strip-ansi": "https://registry.npmjs.org/strip-ansi/-/strip-ansi-0.1.1.tgz"
              },
              "dependencies": {
                "ansi-styles": {
                  "version": "https://registry.npmjs.org/ansi-styles/-/ansi-styles-1.0.0.tgz",
                  "integrity": "sha512-3iF4FIKdxaVYT3JqQuY3Wat/T2t7TRbbQ94Fu50ZUCbLy4TFbTzr90NOHQodQkNqmeEGCw8WbeP78WNi6SKYUA=="
                },
                "has-color": {
                  "version": "https://registry.npmjs.org/has-color/-/has-color-0.1.7.tgz",
                  "integrity": "sha512-kaNz5OTAYYmt646Hkqw50/qyxP2vFnTVu5AQ1Zmk22Kk5+4Qx6BpO8+u7IKsML5fOsFk0ZT0AcCJNYwcvaLBvw=="
                },
                "strip-ansi": {
                  "version": "https://registry.npmjs.org/strip-ansi/-/strip-ansi-0.1.1.tgz",
                  "integrity": "sha512-behete+3uqxecWlDAm5lmskaSaISA+ThQ4oNNBDTBJt0x2ppR6IPqfZNuj6BLaLJ/Sji4TPZlcRyOis8wXQTLg=="
                }
              }
            },
            "underscore": {
              "version": "https://registry.npmjs.org/underscore/-/underscore-1.6.0.tgz",
              "integrity": "sha512-z4o1fvKUojIWh9XuaVLUDdf86RQiq13AC1dmHbTpoyuu+bquHms76v16CjycCbec87J7z0k//SiQVk0sMdFmpQ=="
            }
          }
        },
        "redis": {
          "version": "https://registry.npmjs.org/redis/-/redis-0.12.1.tgz",
          "integrity": "sha512-DtqxdmgmVAO7aEyxaXBiUTvhQPOYznTIvmPzs9AwWZqZywM50JlFxQjFhicI+LVbaun7uwfO3izuvc1L8NlPKQ=="
        },
        "winston": {
          "version": "0.8.3",
          "resolved": "https://registry.npmjs.org/winston/-/winston-0.8.3.tgz",
          "integrity": "sha1-ZLar9M0Brcrv1QCTk7HY6L7BnbA=",
          "requires": {
            "async": "https://registry.npmjs.org/async/-/async-0.2.10.tgz",
            "colors": "https://registry.npmjs.org/colors/-/colors-0.6.2.tgz",
            "cycle": "https://registry.npmjs.org/cycle/-/cycle-1.0.3.tgz",
            "eyes": "https://registry.npmjs.org/eyes/-/eyes-0.1.8.tgz",
            "isstream": "https://registry.npmjs.org/isstream/-/isstream-0.1.1.tgz",
            "pkginfo": "https://registry.npmjs.org/pkginfo/-/pkginfo-0.3.0.tgz",
            "stack-trace": "https://registry.npmjs.org/stack-trace/-/stack-trace-0.0.9.tgz"
          },
          "dependencies": {
            "async": {
              "version": "https://registry.npmjs.org/async/-/async-0.2.10.tgz",
              "integrity": "sha512-eAkdoKxU6/LkKDBzLpT+t6Ff5EtfSF4wx1WfJiPEEV7WNLnDaRXk0oVysiEPm262roaachGexwUv94WhSgN5TQ=="
            },
            "colors": {
              "version": "https://registry.npmjs.org/colors/-/colors-0.6.2.tgz",
              "integrity": "sha512-OsSVtHK8Ir8r3+Fxw/b4jS1ZLPXkV6ZxDRJQzeD7qo0SqMXWrHDM71DgYzPMHY8SFJ0Ao+nNU2p1MmwdzKqPrw=="
            },
            "cycle": {
              "version": "https://registry.npmjs.org/cycle/-/cycle-1.0.3.tgz",
              "integrity": "sha512-TVF6svNzeQCOpjCqsy0/CSy8VgObG3wXusJ73xW2GbG5rGx7lC8zxDSURicsXI2UsGdi2L0QNRCi745/wUDvsA=="
            },
            "eyes": {
              "version": "https://registry.npmjs.org/eyes/-/eyes-0.1.8.tgz",
              "integrity": "sha512-GipyPsXO1anza0AOZdy69Im7hGFCNB7Y/NGjDlZGJ3GJJLtwNSb2vrzYrTYJRrRloVx7pl+bhUaTB8yiccPvFQ=="
            },
            "isstream": {
              "version": "https://registry.npmjs.org/isstream/-/isstream-0.1.1.tgz",
              "integrity": "sha512-pOzOiMsQZXRue+LQSo8hnA4zAxvzRYtv+U2dPa0MaXIL+Xxjg1gkJK/oUCcJ9DWyqys3n0d/SVTEthKq/2oCJw=="
            },
            "pkginfo": {
              "version": "https://registry.npmjs.org/pkginfo/-/pkginfo-0.3.0.tgz",
              "integrity": "sha512-Q4uZFfasmQ7GagbOAcVXGKlcL2Lt01A7Mt+qBd1Geo4hiqo8k+SG+NEiEbTR2R1UjbHQUOIpB7FtJXc36PL4yw=="
            },
            "stack-trace": {
              "version": "https://registry.npmjs.org/stack-trace/-/stack-trace-0.0.9.tgz",
              "integrity": "sha512-vjUc6sfgtgY0dxCdnc40mK6Oftjo9+2K8H/NG81TMhgL392FtiPA9tn9RLyTxXmTLPJPjF3VyzFp6bsWFLisMQ=="
            }
          }
        },
        "winston-redis": {
          "version": "1.0.0",
          "resolved": "https://registry.npmjs.org/winston-redis/-/winston-redis-1.0.0.tgz",
          "integrity": "sha1-hLB3y63vnpjtsLkobgIhHyP7UD4=",
          "requires": {
            "async": "1.4.2",
            "redis": "https://registry.npmjs.org/redis/-/redis-0.12.1.tgz"
          },
          "dependencies": {
            "async": {
              "version": "1.4.2",
              "resolved": "https://registry.npmjs.org/async/-/async-1.4.2.tgz",
              "integrity": "sha1-bJ7csRztTw3S8tQNsNSaEJwIiqs="
            }
          }
        }
      }
    },
    "rr": {
      "version": "0.1.0",
      "resolved": "https://registry.npmjs.org/rr/-/rr-0.1.0.tgz",
      "integrity": "sha1-oY7CXslKZ8NfIQuzqF0XkU55zR4="
    },
    "verror": {
      "version": "1.10.0",
      "resolved": "https://registry.npmjs.org/verror/-/verror-1.10.0.tgz",
      "integrity": "sha1-OhBcoXBTr1XW4nDB+CiGguGNpAA=",
      "requires": {
        "assert-plus": "1.0.0",
        "core-util-is": "1.0.2",
        "extsprintf": "1.4.0"
      }
    }
  }
}
